// !$*UTF8*$!
{
	archiveVersion = 1;
	classes = {
	};
	objectVersion = 50;
	objects = {

/* Begin PBXBuildFile section */
		C65F8E03212D5B240031216E /* AppDelegate.m in Sources */ = {isa = PBXBuildFile; fileRef = C65F8E02212D5B240031216E /* AppDelegate.m */; };
		C65F8E06212D5B240031216E /* ViewController.m in Sources */ = {isa = PBXBuildFile; fileRef = C65F8E05212D5B240031216E /* ViewController.m */; };
		C65F8E09212D5B240031216E /* Main.storyboard in Resources */ = {isa = PBXBuildFile; fileRef = C65F8E07212D5B240031216E /* Main.storyboard */; };
		C65F8E0B212D5B250031216E /* Assets.xcassets in Resources */ = {isa = PBXBuildFile; fileRef = C65F8E0A212D5B250031216E /* Assets.xcassets */; };
		C65F8E0E212D5B250031216E /* LaunchScreen.storyboard in Resources */ = {isa = PBXBuildFile; fileRef = C65F8E0C212D5B250031216E /* LaunchScreen.storyboard */; };
		C65F8E11212D5B250031216E /* main.m in Sources */ = {isa = PBXBuildFile; fileRef = C65F8E10212D5B250031216E /* main.m */; };
/* End PBXBuildFile section */

/* Begin PBXFileReference section */
		C65F8DFE212D5B240031216E /* UINavigation-HKFixSpace.app */ = {isa = PBXFileReference; explicitFileType = wrapper.application; includeInIndex = 0; path = "UINavigation-HKFixSpace.app"; sourceTree = BUILT_PRODUCTS_DIR; };
		C65F8E01212D5B240031216E /* AppDelegate.h */ = {isa = PBXFileReference; lastKnownFileType = sourcecode.c.h; path = AppDelegate.h; sourceTree = "<group>"; };
		C65F8E02212D5B240031216E /* AppDelegate.m */ = {isa = PBXFileReference; lastKnownFileType = sourcecode.c.objc; path = AppDelegate.m; sourceTree = "<group>"; };
		C65F8E04212D5B240031216E /* ViewController.h */ = {isa = PBXFileReference; lastKnownFileType = sourcecode.c.h; path = ViewController.h; sourceTree = "<group>"; };
		C65F8E05212D5B240031216E /* ViewController.m */ = {isa = PBXFileReference; lastKnownFileType = sourcecode.c.objc; path = ViewController.m; sourceTree = "<group>"; };
		C65F8E08212D5B240031216E /* Base */ = {isa = PBXFileReference; lastKnownFileType = file.storyboard; name = Base; path = Base.lproj/Main.storyboard; sourceTree = "<group>"; };
		C65F8E0A212D5B250031216E /* Assets.xcassets */ = {isa = PBXFileReference; lastKnownFileType = folder.assetcatalog; path = Assets.xcassets; sourceTree = "<group>"; };
		C65F8E0D212D5B250031216E /* Base */ = {isa = PBXFileReference; lastKnownFileType = file.storyboard; name = Base; path = Base.lproj/LaunchScreen.storyboard; sourceTree = "<group>"; };
		C65F8E0F212D5B250031216E /* Info.plist */ = {isa = PBXFileReference; lastKnownFileType = text.plist.xml; path = Info.plist; sourceTree = "<group>"; };
		C65F8E10212D5B250031216E /* main.m */ = {isa = PBXFileReference; lastKnownFileType = sourcecode.c.objc; path = main.m; sourceTree = "<group>"; };
/* End PBXFileReference section */

/* Begin PBXFrameworksBuildPhase section */
		C65F8DFB212D5B240031216E /* Frameworks */ = {
			isa = PBXFrameworksBuildPhase;
			buildActionMask = 2147483647;
			files = (
			);
			runOnlyForDeploymentPostprocessing = 0;
		};
/* End PBXFrameworksBuildPhase section */

/* Begin PBXGroup section */
		C65F8DF5212D5B240031216E = {
			isa = PBXGroup;
			children = (
				C65F8E00212D5B240031216E /* UINavigation-HKFixSpace */,
				C65F8DFF212D5B240031216E /* Products */,
			);
			sourceTree = "<group>";
		};
		C65F8DFF212D5B240031216E /* Products */ = {
			isa = PBXGroup;
			children = (
				C65F8DFE212D5B240031216E /* UINavigation-HKFixSpace.app */,
			);
			name = Products;
			sourceTree = "<group>";
		};
		C65F8E00212D5B240031216E /* UINavigation-HKFixSpace */ = {
			isa = PBXGroup;
			children = (
				C65F8E01212D5B240031216E /* AppDelegate.h */,
				C65F8E02212D5B240031216E /* AppDelegate.m */,
				C65F8E04212D5B240031216E /* ViewController.h */,
				C65F8E05212D5B240031216E /* ViewController.m */,
				C65F8E07212D5B240031216E /* Main.storyboard */,
				C65F8E0A212D5B250031216E /* Assets.xcassets */,
				C65F8E0C212D5B250031216E /* LaunchScreen.storyboard */,
				C65F8E0F212D5B250031216E /* Info.plist */,
				C65F8E10212D5B250031216E /* main.m */,
			);
			path = "UINavigation-HKFixSpace";
			sourceTree = "<group>";
		};
/* End PBXGroup section */

/* Begin PBXNativeTarget section */
		C65F8DFD212D5B240031216E /* UINavigation-HKFixSpace */ = {
			isa = PBXNativeTarget;
			buildConfigurationList = C65F8E14212D5B250031216E /* Build configuration list for PBXNativeTarget "UINavigation-HKFixSpace" */;
			buildPhases = (
				C65F8DFA212D5B240031216E /* Sources */,
				C65F8DFB212D5B240031216E /* Frameworks */,
				C65F8DFC212D5B240031216E /* Resources */,
			);
			buildRules = (
			);
			dependencies = (
			);
			name = "UINavigation-HKFixSpace";
			productName = "UINavigation-HKFixSpace";
			productReference = C65F8DFE212D5B240031216E /* UINavigation-HKFixSpace.app */;
			productType = "com.apple.product-type.application";
		};
/* End PBXNativeTarget section */

/* Begin PBXProject section */
		C65F8DF6212D5B240031216E /* Project object */ = {
			isa = PBXProject;
			attributes = {
				LastUpgradeCheck = 0930;
				ORGANIZATIONNAME = "中施科技";
				TargetAttributes = {
					C65F8DFD212D5B240031216E = {
						CreatedOnToolsVersion = 9.3;
					};
				};
			};
			buildConfigurationList = C65F8DF9212D5B240031216E /* Build configuration list for PBXProject "UINavigation-HKFixSpace" */;
			compatibilityVersion = "Xcode 9.3";
			developmentRegion = en;
			hasScannedForEncodings = 0;
			knownRegions = (
				en,
				Base,
			);
			mainGroup = C65F8DF5212D5B240031216E;
			productRefGroup = C65F8DFF212D5B240031216E /* Products */;
			projectDirPath = "";
			projectRoot = "";
			targets = (
				C65F8DFD212D5B240031216E /* UINavigation-HKFixSpace */,
			);
		};
/* End PBXProject section */

/* Begin PBXResourcesBuildPhase section */
		C65F8DFC212D5B240031216E /* Resources */ = {
			isa = PBXResourcesBuildPhase;
			buildActionMask = 2147483647;
			files = (
				C65F8E0E212D5B250031216E /* LaunchScreen.storyboard in Resources */,
				C65F8E0B212D5B250031216E /* Assets.xcassets in Resources */,
				C65F8E09212D5B240031216E /* Main.storyboard in Resources */,
			);
			runOnlyForDeploymentPostprocessing = 0;
		};
/* End PBXResourcesBuildPhase section */

/* Begin PBXSourcesBuildPhase section */
		C65F8DFA212D5B240031216E /* Sources */ = {
			isa = PBXSourcesBuildPhase;
			buildActionMask = 2147483647;
			files = (
				C65F8E06212D5B240031216E /* ViewController.m in Sources */,
				C65F8E11212D5B250031216E /* main.m in Sources */,
				C65F8E03212D5B240031216E /* AppDelegate.m in Sources */,
			);
			runOnlyForDeploymentPostprocessing = 0;
		};
/* End PBXSourcesBuildPhase section */

/* Begin PBXVariantGroup section */
		C65F8E07212D5B240031216E /* Main.storyboard */ = {
			isa = PBXVariantGroup;
			children = (
				C65F8E08212D5B240031216E /* Base */,
			);
			name = Main.storyboard;
			sourceTree = "<group>";
		};
		C65F8E0C212D5B250031216E /* LaunchScreen.storyboard */ = {
			isa = PBXVariantGroup;
			children = (
				C65F8E0D212D5B250031216E /* Base */,
			);
			name = LaunchScreen.storyboard;
			sourceTree = "<group>";
		};
/* End PBXVariantGroup section */

/* Begin XCBuildConfiguration section */
		C65F8E12212D5B250031216E /* Debug */ = {
			isa = XCBuildConfiguration;
			buildSettings = {
				ALWAYS_SEARCH_USER_PATHS = NO;
				CLANG_ANALYZER_NONNULL = YES;
				CLANG_ANALYZER_NUMBER_OBJECT_CONVERSION = YES_AGGRESSIVE;
				CLANG_CXX_LANGUAGE_STANDARD = "gnu++14";
				CLANG_CXX_LIBRARY = "libc++";
				CLANG_ENABLE_MODULES = YES;
				CLANG_ENABLE_OBJC_ARC = YES;
				CLANG_ENABLE_OBJC_WEAK = YES;
				CLANG_WARN_BLOCK_CAPTURE_AUTORELEASING = YES;
				CLANG_WARN_BOOL_CONVERSION = YES;
				CLANG_WARN_COMMA = YES;
				CLANG_WARN_CONSTANT_CONVERSION = YES;
				CLANG_WARN_DEPRECATED_OBJC_IMPLEMENTATIONS = YES;
				CLANG_WARN_DIRECT_OBJC_ISA_USAGE = YES_ERROR;
				CLANG_WARN_DOCUMENTATION_COMMENTS = YES;
				CLANG_WARN_EMPTY_BODY = YES;
				CLANG_WARN_ENUM_CONVERSION = YES;
				CLANG_WARN_INFINITE_RECURSION = YES;
				CLANG_WARN_INT_CONVERSION = YES;
				CLANG_WARN_NON_LITERAL_NULL_CONVERSION = YES;
				CLANG_WARN_OBJC_IMPLICIT_RETAIN_SELF = YES;
				CLANG_WARN_OBJC_LITERAL_CONVERSION = YES;
				CLANG_WARN_OBJC_ROOT_CLASS = YES_ERROR;
				CLANG_WARN_RANGE_LOOP_ANALYSIS = YES;
				CLANG_WARN_STRICT_PROTOTYPES = YES;
				CLANG_WARN_SUSPICIOUS_MOVE = YES;
				CLANG_WARN_UNGUARDED_AVAILABILITY = YES_AGGRESSIVE;
				CLANG_WARN_UNREACHABLE_CODE = YES;
				CLANG_WARN__DUPLICATE_METHOD_MATCH = YES;
				CODE_SIGN_IDENTITY = "iPhone Developer";
				COPY_PHASE_STRIP = NO;
				DEBUG_INFORMATION_FORMAT = dwarf;
				ENABLE_STRICT_OBJC_MSGSEND = YES;
				ENABLE_TESTABILITY = YES;
				GCC_C_LANGUAGE_STANDARD = gnu11;
				GCC_DYNAMIC_NO_PIC = NO;
				GCC_NO_COMMON_BLOCKS = YES;
				GCC_OPTIMIZATION_LEVEL = 0;
				GCC_PREPROCESSOR_DEFINITIONS = (
					"DEBUG=1",
					"$(inherited)",
				);
				GCC_WARN_64_TO_32_BIT_CONVERSION = YES;
				GCC_WARN_ABOUT_RETURN_TYPE = YES_ERROR;
				GCC_WARN_UNDECLARED_SELECTOR = YES;
				GCC_WARN_UNINITIALIZED_AUTOS = YES_AGGRESSIVE;
				GCC_WARN_UNUSED_FUNCTION = YES;
				GCC_WARN_UNUSED_VARIABLE = YES;
				IPHONEOS_DEPLOYMENT_TARGET = 11.3;
				MTL_ENABLE_DEBUG_INFO = YES;
				ONLY_ACTIVE_ARCH = YES;
				SDKROOT = iphoneos;
			};
			name = Debug;
		};
		C65F8E13212D5B250031216E /* Release */ = {
			isa = XCBuildConfiguration;
			buildSettings = {
				ALWAYS_SEARCH_USER_PATHS = NO;
				CLANG_ANALYZER_NONNULL = YES;
				CLANG_ANALYZER_NUMBER_OBJECT_CONVERSION = YES_AGGRESSIVE;
				CLANG_CXX_LANGUAGE_STANDARD = "gnu++14";
				CLANG_CXX_LIBRARY = "libc++";
				CLANG_ENABLE_MODULES = YES;
				CLANG_ENABLE_OBJC_ARC = YES;
				CLANG_ENABLE_OBJC_WEAK = YES;
				CLANG_WARN_BLOCK_CAPTURE_AUTORELEASING = YES;
				CLANG_WARN_BOOL_CONVERSION = YES;
				CLANG_WARN_COMMA = YES;
				CLANG_WARN_CONSTANT_CONVERSION = YES;
				CLANG_WARN_DEPRECATED_OBJC_IMPLEMENTATIONS = YES;
				CLANG_WARN_DIRECT_OBJC_ISA_USAGE = YES_ERROR;
				CLANG_WARN_DOCUMENTATION_COMMENTS = YES;
				CLANG_WARN_EMPTY_BODY = YES;
				CLANG_WARN_ENUM_CONVERSION = YES;
				CLANG_WARN_INFINITE_RECURSION = YES;
				CLANG_WARN_INT_CONVERSION = YES;
				CLANG_WARN_NON_LITERAL_NULL_CONVERSION = YES;
				CLANG_WARN_OBJC_IMPLICIT_RETAIN_SELF = YES;
				CLANG_WARN_OBJC_LITERAL_CONVERSION = YES;
				CLANG_WARN_OBJC_ROOT_CLASS = YES_ERROR;
				CLANG_WARN_RANGE_LOOP_ANALYSIS = YES;
				CLANG_WARN_STRICT_PROTOTYPES = YES;
				CLANG_WARN_SUSPICIOUS_MOVE = YES;
				CLANG_WARN_UNGUARDED_AVAILABILITY = YES_AGGRESSIVE;
				CLANG_WARN_UNREACHABLE_CODE = YES;
				CLANG_WARN__DUPLICATE_METHOD_MATCH = YES;
				CODE_SIGN_IDENTITY = "iPhone Developer";
				COPY_PHASE_STRIP = NO;
				DEBUG_INFORMATION_FORMAT = "dwarf-with-dsym";
				ENABLE_NS_ASSERTIONS = NO;
				ENABLE_STRICT_OBJC_MSGSEND = YES;
				GCC_C_LANGUAGE_STANDARD = gnu11;
				GCC_NO_COMMON_BLOCKS = YES;
				GCC_WARN_64_TO_32_BIT_CONVERSION = YES;
				GCC_WARN_ABOUT_RETURN_TYPE = YES_ERROR;
				GCC_WARN_UNDECLARED_SELECTOR = YES;
				GCC_WARN_UNINITIALIZED_AUTOS = YES_AGGRESSIVE;
				GCC_WARN_UNUSED_FUNCTION = YES;
				GCC_WARN_UNUSED_VARIABLE = YES;
				IPHONEOS_DEPLOYMENT_TARGET = 11.3;
				MTL_ENABLE_DEBUG_INFO = NO;
				SDKROOT = iphoneos;
				VALIDATE_PRODUCT = YES;
			};
			name = Release;
		};
		C65F8E15212D5B250031216E /* Debug */ = {
			isa = XCBuildConfiguration;
			buildSettings = {
				ASSETCATALOG_COMPILER_APPICON_NAME = AppIcon;
				CODE_SIGN_STYLE = Automatic;
				INFOPLIST_FILE = "UINavigation-HKFixSpace/Info.plist";
				LD_RUNPATH_SEARCH_PATHS = (
					"$(inherited)",
					"@executable_path/Frameworks",
				);
				PRODUCT_BUNDLE_IDENTIFIER = "xxx.UINavigation-HKFixSpace";
				PRODUCT_NAME = "$(TARGET_NAME)";
				TARGETED_DEVICE_FAMILY = "1,2";
			};
			name = Debug;
		};
		C65F8E16212D5B250031216E /* Release */ = {
			isa = XCBuildConfiguration;
			buildSettings = {
				ASSETCATALOG_COMPILER_APPICON_NAME = AppIcon;
				CODE_SIGN_STYLE = Automatic;
				INFOPLIST_FILE = "UINavigation-HKFixSpace/Info.plist";
				LD_RUNPATH_SEARCH_PATHS = (
					"$(inherited)",
					"@executable_path/Frameworks",
				);
				PRODUCT_BUNDLE_IDENTIFIER = "xxx.UINavigation-HKFixSpace";
				PRODUCT_NAME = "$(TARGET_NAME)";
				TARGETED_DEVICE_FAMILY = "1,2";
			};
			name = Release;
		};
/* End XCBuildConfiguration section */

/* Begin XCConfigurationList section */
		C65F8DF9212D5B240031216E /* Build configuration list for PBXProject "UINavigation-HKFixSpace" */ = {
			isa = XCConfigurationList;
			buildConfigurations = (
				C65F8E12212D5B250031216E /* Debug */,
				C65F8E13212D5B250031216E /* Release */,
			);
			defaultConfigurationIsVisible = 0;
			defaultConfigurationName = Release;
		};
		C65F8E14212D5B250031216E /* Build configuration list for PBXNativeTarget "UINavigation-HKFixSpace" */ = {
			isa = XCConfigurationList;
			buildConfigurations = (
				C65F8E15212D5B250031216E /* Debug */,
				C65F8E16212D5B250031216E /* Release */,
			);
			defaultConfigurationIsVisible = 0;
			defaultConfigurationName = Release;
		};
/* End XCConfigurationList section */
	};
	rootObject = C65F8DF6212D5B240031216E /* Project object */;
}
